{
  "name": "arraysummary",
  "version": "1.0.0",
  "lockfileVersion": 1,
  "requires": true,
  "dependencies": {
    "summary": {
      "version": "2.1.0",
      "resolved": "https://registry.npmjs.org/summary/-/summary-2.1.0.tgz",
      "integrity": "sha512-nMIjMrd5Z2nuB2RZCKJfFMjgS3fygbeyGk9PxPPaJR1RIcyN9yn4A63Isovzm3ZtQuEkLBVgMdPup8UeLH7aQw=="
    }
  }
}
